{
    "_readme": [
        "This file locks the dependencies of your project to a known state",
        "Read more about it at https://getcomposer.org/doc/01-basic-usage.md#composer-lock-the-lock-file",
        "This file is @generated automatically"
    ],
    "hash": "f08c88940f345f38c6e8c638478edc46",
    "content-hash": "d364521d0a1b3ef71f186b9c86c092c4",
    "packages": [
        {
            "name": "gboddin/psk-validator",
            "version": "0.1.1",
            "source": {
                "type": "git",
                "url": "https://github.com/gboddin/psk-validator.git",
                "reference": "c42c76085514311c63edc0213e49f79935118d30"
            },
            "dist": {
                "type": "zip",
                "url": "https://api.github.com/repos/gboddin/psk-validator/zipball/c42c76085514311c63edc0213e49f79935118d30",
                "reference": "c42c76085514311c63edc0213e49f79935118d30",
                "shasum": ""
            },
            "type": "library",
            "autoload": {
                "psr-4": {
                    "Gbo\\": "src/"
                }
            },
            "notification-url": "https://packagist.org/downloads/",
            "license": [
                "GPL"
            ],
            "authors": [
                {
                    "name": "Gregory Boddin",
                    "email": "gregory@siwhine.net"
                }
            ],
            "description": "Pre-shared key time based signature validtor",
            "time": "2017-04-28 11:30:03"
        },
        {
            "name": "tcdent/php-restclient",
            "version": "0.1.6",
            "source": {
                "type": "git",
                "url": "https://github.com/tcdent/php-restclient.git",
                "reference": "59a464a76dee3ef7cd390360659c8552f36d054f"
            },
            "dist": {
                "type": "zip",
                "url": "https://api.github.com/repos/tcdent/php-restclient/zipball/59a464a76dee3ef7cd390360659c8552f36d054f",
                "reference": "59a464a76dee3ef7cd390360659c8552f36d054f",
                "shasum": ""
            },
            "require": {
                "ext-curl": "*",
                "ext-json": "*",
                "php": ">=5.4.0"
            },
            "require-dev": {
                "php": ">=5.5.7",
                "phpunit/phpunit": ">=4.5"
            },
            "type": "library",
            "autoload": {
                "files": [
                    "restclient.php"
                ]
            },
            "notification-url": "https://packagist.org/downloads/",
            "license": [
                "MIT"
            ],
            "authors": [
                {
                    "name": "Travis Dent",
                    "email": "tcdent@gmail.com",
                    "role": "Developer"
                }
            ],
            "description": "A generic REST API client for PHP",
            "homepage": "http://github.com/tcdent/php-restclient",
            "keywords": [
                "api",
                "client",
                "curl",
                "json",
                "rest",
                "xml"
            ],
            "time": "2017-03-16 16:21:44"
        }
    ],
    "packages-dev": [],
    "aliases": [],
    "minimum-stability": "stable",
    "stability-flags": [],
    "prefer-stable": false,
    "prefer-lowest": false,
    "platform": [],
    "platform-dev": []
}
